
Microsoft Visual Studio Solution File, Format Version 12.00
# Visual Studio 15
VisualStudioVersion = 15.0.26430.13
MinimumVisualStudioVersion = 10.0.40219.1
Project("{FAE04EC0-301F-11D3-BF4B-00C04F79EFBC}") = "Phonebook", "Phonebook\Phonebook.csproj", "{85DAD64E-0A4B-4BD5-855B-839F6F7991E1}"
EndProject
Project("{FAE04EC0-301F-11D3-BF4B-00C04F79EFBC}") = "PhonebookUpgrade", "PhonebokkUpgrade\PhonebookUpgrade.csproj", "{BF4B4886-6B49-4D27-B687-1D3DC86FA110}"
EndProject
Project("{FAE04EC0-301F-11D3-BF4B-00C04F79EFBC}") = "AMinerTask", "AMinerTask\AMinerTask.csproj", "{6466C830-8028-4BAD-A549-2DB6CE754EBB}"
EndProject
Project("{FAE04EC0-301F-11D3-BF4B-00C04F79EFBC}") = "FixEmails", "FixEmails\FixEmails.csproj", "{B025B599-3423-4F99-BF7E-C0894D3FFF20}"
EndProject
Project("{FAE04EC0-301F-11D3-BF4B-00C04F79EFBC}") = "HandsOfCards", "HandsOfCards\HandsOfCards.csproj", "{94F971EF-CF7C-4301-ABBC-B31D82449D8D}"
EndProject
Project("{FAE04EC0-301F-11D3-BF4B-00C04F79EFBC}") = "LogsAggregator", "LogsAggregator\LogsAggregator.csproj", "{90D5C9C2-6825-4BA6-BABE-1AA6DA826999}"
EndProject
Project("{FAE04EC0-301F-11D3-BF4B-00C04F79EFBC}") = "UserLogs", "UserLogs\UserLogs.csproj", "{906E8034-C68E-45A4-A0D1-31DC60DAF115}"
EndProject
Global
	GlobalSection(SolutionConfigurationPlatforms) = preSolution
		Debug|Any CPU = Debug|Any CPU
		Release|Any CPU = Release|Any CPU
	EndGlobalSection
	GlobalSection(ProjectConfigurationPlatforms) = postSolution
		{85DAD64E-0A4B-4BD5-855B-839F6F7991E1}.Debug|Any CPU.ActiveCfg = Debug|Any CPU
		{85DAD64E-0A4B-4BD5-855B-839F6F7991E1}.Debug|Any CPU.Build.0 = Debug|Any CPU
		{85DAD64E-0A4B-4BD5-855B-839F6F7991E1}.Release|Any CPU.ActiveCfg = Release|Any CPU
		{85DAD64E-0A4B-4BD5-855B-839F6F7991E1}.Release|Any CPU.Build.0 = Release|Any CPU
		{BF4B4886-6B49-4D27-B687-1D3DC86FA110}.Debug|Any CPU.ActiveCfg = Debug|Any CPU
		{BF4B4886-6B49-4D27-B687-1D3DC86FA110}.Debug|Any CPU.Build.0 = Debug|Any CPU
		{BF4B4886-6B49-4D27-B687-1D3DC86FA110}.Release|Any CPU.ActiveCfg = Release|Any CPU
		{BF4B4886-6B49-4D27-B687-1D3DC86FA110}.Release|Any CPU.Build.0 = Release|Any CPU
		{6466C830-8028-4BAD-A549-2DB6CE754EBB}.Debug|Any CPU.ActiveCfg = Debug|Any CPU
		{6466C830-8028-4BAD-A549-2DB6CE754EBB}.Debug|Any CPU.Build.0 = Debug|Any CPU
		{6466C830-8028-4BAD-A549-2DB6CE754EBB}.Release|Any CPU.ActiveCfg = Release|Any CPU
		{6466C830-8028-4BAD-A549-2DB6CE754EBB}.Release|Any CPU.Build.0 = Release|Any CPU
		{B025B599-3423-4F99-BF7E-C0894D3FFF20}.Debug|Any CPU.ActiveCfg = Debug|Any CPU
		{B025B599-3423-4F99-BF7E-C0894D3FFF20}.Debug|Any CPU.Build.0 = Debug|Any CPU
		{B025B599-3423-4F99-BF7E-C0894D3FFF20}.Release|Any CPU.ActiveCfg = Release|Any CPU
		{B025B599-3423-4F99-BF7E-C0894D3FFF20}.Release|Any CPU.Build.0 = Release|Any CPU
		{94F971EF-CF7C-4301-ABBC-B31D82449D8D}.Debug|Any CPU.ActiveCfg = Debug|Any CPU
		{94F971EF-CF7C-4301-ABBC-B31D82449D8D}.Debug|Any CPU.Build.0 = Debug|Any CPU
		{94F971EF-CF7C-4301-ABBC-B31D82449D8D}.Release|Any CPU.ActiveCfg = Release|Any CPU
		{94F971EF-CF7C-4301-ABBC-B31D82449D8D}.Release|Any CPU.Build.0 = Release|Any CPU
		{90D5C9C2-6825-4BA6-BABE-1AA6DA826999}.Debug|Any CPU.ActiveCfg = Debug|Any CPU
		{90D5C9C2-6825-4BA6-BABE-1AA6DA826999}.Debug|Any CPU.Build.0 = Debug|Any CPU
		{90D5C9C2-6825-4BA6-BABE-1AA6DA826999}.Release|Any CPU.ActiveCfg = Release|Any CPU
		{90D5C9C2-6825-4BA6-BABE-1AA6DA826999}.Release|Any CPU.Build.0 = Release|Any CPU
		{906E8034-C68E-45A4-A0D1-31DC60DAF115}.Debug|Any CPU.ActiveCfg = Debug|Any CPU
		{906E8034-C68E-45A4-A0D1-31DC60DAF115}.Debug|Any CPU.Build.0 = Debug|Any CPU
		{906E8034-C68E-45A4-A0D1-31DC60DAF115}.Release|Any CPU.ActiveCfg = Release|Any CPU
		{906E8034-C68E-45A4-A0D1-31DC60DAF115}.Release|Any CPU.Build.0 = Release|Any CPU
	EndGlobalSection
	GlobalSection(SolutionProperties) = preSolution
		HideSolutionNode = FALSE
	EndGlobalSection
EndGlobal
